
Microsoft Visual Studio Solution File, Format Version 12.00
# Visual Studio Version 16
VisualStudioVersion = 16.0.33214.272
MinimumVisualStudioVersion = 10.0.40219.1
Project("{F184B08F-C81C-45F6-A57F-5ABD9991F28F}") = "HomeWork3", "HomeWork3.vbproj", "{27B8E766-3E3A-484E-90B8-3D8F32AFD3A5}"
EndProject
Global
	GlobalSection(SolutionConfigurationPlatforms) = preSolution
		Debug|Any CPU = Debug|Any CPU
		Release|Any CPU = Release|Any CPU
	EndGlobalSection
	GlobalSection(ProjectConfigurationPlatforms) = postSolution
		{27B8E766-3E3A-484E-90B8-3D8F32AFD3A5}.Debug|Any CPU.ActiveCfg = Debug|Any CPU
		{27B8E766-3E3A-484E-90B8-3D8F32AFD3A5}.Debug|Any CPU.Build.0 = Debug|Any CPU
		{27B8E766-3E3A-484E-90B8-3D8F32AFD3A5}.Release|Any CPU.ActiveCfg = Release|Any CPU
		{27B8E766-3E3A-484E-90B8-3D8F32AFD3A5}.Release|Any CPU.Build.0 = Release|Any CPU
	EndGlobalSection
	GlobalSection(SolutionProperties) = preSolution
		HideSolutionNode = FALSE
	EndGlobalSection
	GlobalSection(ExtensibilityGlobals) = postSolution
		SolutionGuid = {F967E7B4-56ED-462E-B5EB-589F13E6E69A}
	EndGlobalSection
EndGlobal
